
Microsoft Visual Studio Solution File, Format Version 12.00
# Visual Studio Version 16
VisualStudioVersion = 16.0.34931.43
MinimumVisualStudioVersion = 10.0.40219.1
Project("{FAE04EC0-301F-11D3-BF4B-00C04F79EFBC}") = "med_webb_CapaDato", "med_webb_CapaDato\med_webb_CapaDato.csproj", "{0E0BF4DD-17CB-4DFD-A1CC-BAAE5AB9F4DB}"
EndProject
Project("{FAE04EC0-301F-11D3-BF4B-00C04F79EFBC}") = "med_webb_CapaNegocio", "med_webb_CapaNegocio\med_webb_CapaNegocio.csproj", "{217EBB91-EBA3-42EF-BE80-D99AC94DD32A}"
EndProject
Project("{FAE04EC0-301F-11D3-BF4B-00C04F79EFBC}") = "med_webb_application", "med_webb_application\med_webb_application.csproj", "{3ECAFE94-F111-4CBA-B76F-1151A3826947}"
EndProject
Project("{FAE04EC0-301F-11D3-BF4B-00C04F79EFBC}") = "CapaPresentacionMedWebb", "CapaPresentacionMedWebb\CapaPresentacionMedWebb.csproj", "{C9316C6C-83C9-4E6F-9255-F78883F5CACC}"
EndProject
Global
	GlobalSection(SolutionConfigurationPlatforms) = preSolution
		Debug|Any CPU = Debug|Any CPU
		Release|Any CPU = Release|Any CPU
	EndGlobalSection
	GlobalSection(ProjectConfigurationPlatforms) = postSolution
		{0E0BF4DD-17CB-4DFD-A1CC-BAAE5AB9F4DB}.Debug|Any CPU.ActiveCfg = Debug|Any CPU
		{0E0BF4DD-17CB-4DFD-A1CC-BAAE5AB9F4DB}.Debug|Any CPU.Build.0 = Debug|Any CPU
		{0E0BF4DD-17CB-4DFD-A1CC-BAAE5AB9F4DB}.Release|Any CPU.ActiveCfg = Release|Any CPU
		{0E0BF4DD-17CB-4DFD-A1CC-BAAE5AB9F4DB}.Release|Any CPU.Build.0 = Release|Any CPU
		{217EBB91-EBA3-42EF-BE80-D99AC94DD32A}.Debug|Any CPU.ActiveCfg = Debug|Any CPU
		{217EBB91-EBA3-42EF-BE80-D99AC94DD32A}.Debug|Any CPU.Build.0 = Debug|Any CPU
		{217EBB91-EBA3-42EF-BE80-D99AC94DD32A}.Release|Any CPU.ActiveCfg = Release|Any CPU
		{217EBB91-EBA3-42EF-BE80-D99AC94DD32A}.Release|Any CPU.Build.0 = Release|Any CPU
		{3ECAFE94-F111-4CBA-B76F-1151A3826947}.Debug|Any CPU.ActiveCfg = Debug|Any CPU
		{3ECAFE94-F111-4CBA-B76F-1151A3826947}.Debug|Any CPU.Build.0 = Debug|Any CPU
		{3ECAFE94-F111-4CBA-B76F-1151A3826947}.Release|Any CPU.ActiveCfg = Release|Any CPU
		{3ECAFE94-F111-4CBA-B76F-1151A3826947}.Release|Any CPU.Build.0 = Release|Any CPU
		{C9316C6C-83C9-4E6F-9255-F78883F5CACC}.Debug|Any CPU.ActiveCfg = Debug|Any CPU
		{C9316C6C-83C9-4E6F-9255-F78883F5CACC}.Debug|Any CPU.Build.0 = Debug|Any CPU
		{C9316C6C-83C9-4E6F-9255-F78883F5CACC}.Release|Any CPU.ActiveCfg = Release|Any CPU
		{C9316C6C-83C9-4E6F-9255-F78883F5CACC}.Release|Any CPU.Build.0 = Release|Any CPU
	EndGlobalSection
	GlobalSection(SolutionProperties) = preSolution
		HideSolutionNode = FALSE
	EndGlobalSection
	GlobalSection(ExtensibilityGlobals) = postSolution
		SolutionGuid = {327C4FA9-7962-4E2E-9704-9254C16DA593}
	EndGlobalSection
EndGlobal
